{
  "name": "code",
  "version": "1.0.0",
  "lockfileVersion": 1,
  "requires": true,
  "dependencies": {
    "@types/sortablejs": {
      "version": "1.10.7",
      "resolved": "https://registry.npmjs.org/@types/sortablejs/-/sortablejs-1.10.7.tgz",
      "integrity": "sha512-lGCwwgpj8zW/ZmaueoPVSP7nnc9t8VqVWXS+ASX3eoUUENmiazv0rlXyTRludXzuX9ALjPsMqBu85TgJNWbTOg=="
    },
    "dts2hx": {
      "version": "0.18.1",
      "resolved": "https://registry.npmjs.org/dts2hx/-/dts2hx-0.18.1.tgz",
      "integrity": "sha512-DDNK57KJYIUlzutxjlE9vOzT0/pMD2kdBAxty8oO+Ij5EmkJcpzD1uAN/oPzh9r0+4OWQjBrxI6Fxw5qEh4XuQ==",
      "dev": true,
      "requires": {
        "typescript": "3.7.4"
      }
    },
    "sortablejs": {
      "version": "1.14.0",
      "resolved": "https://registry.npmjs.org/sortablejs/-/sortablejs-1.14.0.tgz",
      "integrity": "sha512-pBXvQCs5/33fdN1/39pPL0NZF20LeRbLQ5jtnheIPN9JQAaufGjKdWduZn4U7wCtVuzKhmRkI0DFYHYRbB2H1w=="
    },
    "typescript": {
      "version": "3.7.4",
      "resolved": "https://registry.npmjs.org/typescript/-/typescript-3.7.4.tgz",
      "integrity": "sha512-A25xv5XCtarLwXpcDNZzCGvW2D1S3/bACratYBx2sax8PefsFhlYmkQicKHvpYflFS8if4zne5zT5kpJ7pzuvw==",
      "dev": true
    }
  }
}
